
Microsoft Visual Studio Solution File, Format Version 12.00
# Visual Studio 2013
VisualStudioVersion = 12.0.40629.0
MinimumVisualStudioVersion = 10.0.40219.1
Project("{FAE04EC0-301F-11D3-BF4B-00C04F79EFBC}") = "WangShare", "WangShare\WangShare.csproj", "{1B759BDC-805B-4BA9-AC9E-03C811C513EC}"
EndProject
Global
	GlobalSection(SolutionConfigurationPlatforms) = preSolution
		Debug|Any CPU = Debug|Any CPU
		Release|Any CPU = Release|Any CPU
	EndGlobalSection
	GlobalSection(ProjectConfigurationPlatforms) = postSolution
		{1B759BDC-805B-4BA9-AC9E-03C811C513EC}.Debug|Any CPU.ActiveCfg = Debug|Any CPU
		{1B759BDC-805B-4BA9-AC9E-03C811C513EC}.Debug|Any CPU.Build.0 = Debug|Any CPU
		{1B759BDC-805B-4BA9-AC9E-03C811C513EC}.Release|Any CPU.ActiveCfg = Release|Any CPU
		{1B759BDC-805B-4BA9-AC9E-03C811C513EC}.Release|Any CPU.Build.0 = Release|Any CPU
	EndGlobalSection
	GlobalSection(SolutionProperties) = preSolution
		HideSolutionNode = FALSE
	EndGlobalSection
EndGlobal
